
Microsoft Visual Studio Solution File, Format Version 12.00
# Visual Studio Version 17
VisualStudioVersion = 17.14.36518.9 d17.14
MinimumVisualStudioVersion = 10.0.40219.1
Project("{FAE04EC0-301F-11D3-BF4B-00C04F79EFBC}") = "Cryptex", "Cryptex.csproj", "{8A548351-D49D-4C11-BEBD-0BA876A2343E}"
EndProject
Global
	GlobalSection(SolutionConfigurationPlatforms) = preSolution
		Debug|Any CPU = Debug|Any CPU
		Release|Any CPU = Release|Any CPU
	EndGlobalSection
	GlobalSection(ProjectConfigurationPlatforms) = postSolution
		{8A548351-D49D-4C11-BEBD-0BA876A2343E}.Debug|Any CPU.ActiveCfg = Debug|Any CPU
		{8A548351-D49D-4C11-BEBD-0BA876A2343E}.Debug|Any CPU.Build.0 = Debug|Any CPU
		{8A548351-D49D-4C11-BEBD-0BA876A2343E}.Release|Any CPU.ActiveCfg = Release|Any CPU
		{8A548351-D49D-4C11-BEBD-0BA876A2343E}.Release|Any CPU.Build.0 = Release|Any CPU
	EndGlobalSection
	GlobalSection(SolutionProperties) = preSolution
		HideSolutionNode = FALSE
	EndGlobalSection
	GlobalSection(ExtensibilityGlobals) = postSolution
		SolutionGuid = {DBAAB1F7-F73B-4BB5-A800-4F7AA0963401}
	EndGlobalSection
EndGlobal
